{
  "nodes": {
    "astrovim": {
      "flake": false,
      "locked": {
        "lastModified": 1775146383,
        "narHash": "sha256-zrwpZ6Ow5qL9dml5gJFmLEOlQa02qm/AdFYGlfpw8fY=",
        "owner": "AstroNvim",
        "repo": "template",
        "rev": "49a7161b776f8bc6c23508819ea1ad4e7b359bee",
        "type": "github"
      },
      "original": {
        "owner": "AstroNvim",
        "repo": "template",
        "type": "github"
      }
    },
    "chatgpt-desktop-app": {
      "inputs": {
        "nixpkgs": [
          "nixpkgs-unstable"
        ]
      },
      "locked": {
        "lastModified": 1790750626,
        "narHash": "sha256-DkmZfbQKzMPM3Owm6RKYrkqFgAkLuKpIJuVtKQWIysc=",
        "owner": "poeck",
        "repo": "chatgpt-desktop-app-nix-flake",
        "rev": "d23d08e1275566612fbac7487f18771dde415af2",
        "type": "github"
      },
      "original": {
        "owner": "poeck",
        "repo": "chatgpt-desktop-app-nix-flake",
        "rev": "d23d08e1275566612fbac7487f18771dde415af2",
        "type": "github"
      }
    },
    "home-manager": {
      "inputs": {
        "nixpkgs": [
          "nixpkgs"
        ]
      },
      "locked": {
        "lastModified": 1790215976,
        "narHash": "sha256-VkR1rMGyjU9jtw8ISFx5uqR9e+LEaOlhHwrseFkiIVk=",
        "owner": "nix-community",
        "repo": "home-manager",
        "rev": "a6631107a83ceab5872f298a2ea710859c80c4cb",
        "type": "github"
      },
      "original": {
        "owner": "nix-community",
        "ref": "release-26.05",
        "repo": "home-manager",
        "type": "github"
      }
    },
    "marea": {
      "inputs": {
        "nixpkgs": [
          "pleamar-wm",
          "nixpkgs"
        ],
        "pleamar": [
          "pleamar-wm",
          "pleamar"
        ]
      },
      "locked": {
        "lastModified": 1790915273,
        "narHash": "sha256-KJ9+Eg7BNfbqlg6G+irc32Htv8QNV4UgZ4LeVQgMo4Q=",
        "owner": "k4ditano",
        "repo": "marea-plm",
        "rev": "d3c5398c99eaad9bb045d7f0838efd849fea2c6f",
        "type": "github"
      },
      "original": {
        "owner": "k4ditano",
        "repo": "marea-plm",
        "rev": "d3c5398c99eaad9bb045d7f0838efd849fea2c6f",
        "type": "github"
      }
    },
    "nix-flatpak": {
      "locked": {
        "lastModified": 1790428548,
        "narHash": "sha256-OsZ/I7v3ArCrk0XOUvkiU1dFtGtE1qZTHRGjvBXIKUU=",
        "owner": "gmodena",
        "repo": "nix-flatpak",
        "rev": "f1f045fc8b35ff59f88982c1752d3f3a42ca6a61",
        "type": "github"
      },
      "original": {
        "owner": "gmodena",
        "repo": "nix-flatpak",
        "type": "github"
      }
    },
    "nixpkgs": {
      "locked": {
        "lastModified": 1790635395,
        "narHash": "sha256-bNyvoIyOCu7lzoCpWKWGIsHpTtERUWzqYWFPlN++WTw=",
        "owner": "NixOS",
        "repo": "nixpkgs",
        "rev": "7fc6f2c20af09cdcaf48b92ec3121860139ec668",
        "type": "github"
      },
      "original": {
        "owner": "NixOS",
        "ref": "nixos-26.05",
        "repo": "nixpkgs",
        "type": "github"
      }
    },
    "nixpkgs-unstable": {
      "locked": {
        "lastModified": 1790578696,
        "narHash": "sha256-ZoxIApko70jCdbH3l20HWXOBaT2HZd87orzd2yJ9dVE=",
        "owner": "NixOS",
        "repo": "nixpkgs",
        "rev": "7a0f122f5090cf4c2ade2a13a0e229d4e19ba71f",
        "type": "github"
      },
      "original": {
        "owner": "NixOS",
        "ref": "nixos-unstable",
        "repo": "nixpkgs",
        "type": "github"
      }
    },
    "nixpkgs_2": {
      "locked": {
        "lastModified": 1790463110,
        "narHash": "sha256-hKlVl12B1dF0Q5vd9dY3lIJM5mFGWYSlXwSLAqHZ1+s=",
        "owner": "NixOS",
        "repo": "nixpkgs",
        "rev": "e158d9ed9b51c98974c5e66e1ba1c9e0255fecaa",
        "type": "github"
      },
      "original": {
        "owner": "NixOS",
        "ref": "nixos-unstable",
        "repo": "nixpkgs",
        "type": "github"
      }
    },
    "nixpkgs_3": {
      "locked": {
        "lastModified": 1790689126,
        "narHash": "sha256-ilerN1WLSvF+HMjziC/Wv99J5y02maDH+6hZPwsORKg=",
        "owner": "nixos",
        "repo": "nixpkgs",
        "rev": "b4fd65b198c599cbe814fcb9f42d25d021595ec9",
        "type": "github"
      },
      "original": {
        "owner": "nixos",
        "ref": "nixos-unstable",
        "repo": "nixpkgs",
        "type": "github"
      }
    },
    "pleamar": {
      "inputs": {
        "nixpkgs": [
          "pleamar-wm",
          "nixpkgs"
        ]
      },
      "locked": {
        "lastModified": 1790915167,
        "narHash": "sha256-x3ZK+yhd1H2KvoCdqD3ba+ebH5K8cbeZSdl4bkFspfQ=",
        "owner": "k4ditano",
        "repo": "pleamar",
        "rev": "4163c91a649e70d3296d7cae931253fc0f2cc5fc",
        "type": "github"
      },
      "original": {
        "owner": "k4ditano",
        "repo": "pleamar",
        "type": "github"
      }
    },
    "pleamar-wm": {
      "inputs": {
        "marea": "marea",
        "nixpkgs": "nixpkgs_2",
        "pleamar": "pleamar"
      },
      "locked": {
        "lastModified": 1790915267,
        "narHash": "sha256-nBhzDcPtPv0L+24x0hcV+tm564xm9JOGzE5fLMcRNo0=",
        "owner": "k4ditano",
        "repo": "pleamar-wm",
        "rev": "548b3fc226e65128770eef832b26142b33e23729",
        "type": "github"
      },
      "original": {
        "owner": "k4ditano",
        "repo": "pleamar-wm",
        "rev": "548b3fc226e65128770eef832b26142b33e23729",
        "type": "github"
      }
    },
    "root": {
      "inputs": {
        "astrovim": "astrovim",
        "chatgpt-desktop-app": "chatgpt-desktop-app",
        "home-manager": "home-manager",
        "nix-flatpak": "nix-flatpak",
        "nixpkgs": "nixpkgs",
        "nixpkgs-unstable": "nixpkgs-unstable",
        "pleamar-wm": "pleamar-wm",
        "serpantinum": "serpantinum"
      }
    },
    "serpantinum": {
      "inputs": {
        "nixpkgs": "nixpkgs_3",
        "serpantinum-wallpapers": "serpantinum-wallpapers"
      },
      "locked": {
        "lastModified": 1790881353,
        "narHash": "sha256-iOPF5NBjusR8l92B81SKxxf1R95FmVMp3RBZZGPy5Zw=",
        "owner": "ilyamiro",
        "repo": "serpantinum",
        "rev": "225ea62e0545e25fa813d8409390d73588575b3c",
        "type": "github"
      },
      "original": {
        "owner": "ilyamiro",
        "repo": "serpantinum",
        "rev": "225ea62e0545e25fa813d8409390d73588575b3c",
        "type": "github"
      }
    },
    "serpantinum-wallpapers": {
      "flake": false,
      "locked": {
        "lastModified": 1789127588,
        "narHash": "sha256-L3xRtDXH1ERwVIP+ztT6qn7YYh3aHpfpy1/nvyjvKIc=",
        "owner": "ilyamiro",
        "repo": "shell-wallpapers",
        "rev": "4f5994aff60403f88d3f0378e6f9c9d0a00b0289",
        "type": "github"
      },
      "original": {
        "owner": "ilyamiro",
        "repo": "shell-wallpapers",
        "type": "github"
      }
    }
  },
  "root": "root",
  "version": 7
}
