{
  "nodes": {
    "astrovim": {
      "flake": false,
      "locked": {
        "lastModified": 1775146383,
        "narHash": "sha256-zrwpZ6Ow5qL9dml5gJFmLEOlQa02qm/AdFYGlfpw8fY=",
        "owner": "AstroNvim",
        "repo": "template",
        "rev": "49a7161b776f8bc6c23508819ea1ad4e7b359bee",
        "type": "github"
      },
      "original": {
        "owner": "AstroNvim",
        "repo": "template",
        "type": "github"
      }
    },
    "chatgpt-desktop-app": {
      "inputs": {
        "nixpkgs": [
          "nixpkgs-unstable"
        ]
      },
      "locked": {
        "lastModified": 1791511847,
        "narHash": "sha256-g7g6D4FYvPo1awo88Nmuy+A9ktucOD7OZdrYzXTAwJA=",
        "owner": "poeck",
        "repo": "chatgpt-desktop-app-nix-flake",
        "rev": "2a61ece6a06a95f694e6edc55d639834789fa764",
        "type": "github"
      },
      "original": {
        "owner": "poeck",
        "repo": "chatgpt-desktop-app-nix-flake",
        "type": "github"
      }
    },
    "claude-desktop-app": {
      "inputs": {
        "nixpkgs": [
          "nixpkgs-unstable"
        ]
      },
      "locked": {
        "lastModified": 1790632875,
        "narHash": "sha256-ovY0ssXI4mfcLMa/bS5azndpke3qa0QOOxJgmj7sAXw=",
        "owner": "poeck",
        "repo": "claude-desktop-nix-flake",
        "rev": "55ba585546fe222bf18f391a98c1ee60f79684d2",
        "type": "github"
      },
      "original": {
        "owner": "poeck",
        "repo": "claude-desktop-nix-flake",
        "type": "github"
      }
    },
    "ecc": {
      "flake": false,
      "locked": {
        "lastModified": 1790906474,
        "narHash": "sha256-A5UmMgKunPwev/WQsN1cdWU90rxI6qLw06/tUtLGOWc=",
        "owner": "affaan-m",
        "repo": "ECC",
        "rev": "ef648e01899ba3e8dc6371642deaaf64b4477775",
        "type": "github"
      },
      "original": {
        "owner": "affaan-m",
        "repo": "ECC",
        "rev": "ef648e01899ba3e8dc6371642deaaf64b4477775",
        "type": "github"
      }
    },
    "flake-parts": {
      "inputs": {
        "nixpkgs-lib": [
          "nur",
          "nixpkgs"
        ]
      },
      "locked": {
        "lastModified": 1733312601,
        "narHash": "sha256-4pDvzqnegAfRkPwO3wmwBhVi/Sye1mzps0zHWYnP88c=",
        "owner": "hercules-ci",
        "repo": "flake-parts",
        "rev": "205b12d8b7cd4802fbcb8e8ef6a0f1408781a4f9",
        "type": "github"
      },
      "original": {
        "owner": "hercules-ci",
        "repo": "flake-parts",
        "type": "github"
      }
    },
    "home-manager": {
      "inputs": {
        "nixpkgs": [
          "nixpkgs"
        ]
      },
      "locked": {
        "lastModified": 1791484883,
        "narHash": "sha256-iKxFHJrg7Sltwhq3ssCZYQ4CFEDVvReVVuVuO9dj3sE=",
        "owner": "nix-community",
        "repo": "home-manager",
        "rev": "dfadbe5162d5e86bc0808badec8f346f81b4b3f0",
        "type": "github"
      },
      "original": {
        "owner": "nix-community",
        "ref": "master",
        "repo": "home-manager",
        "type": "github"
      }
    },
    "marea": {
      "inputs": {
        "nixpkgs": [
          "pleamar-wm",
          "nixpkgs"
        ],
        "pleamar": [
          "pleamar-wm",
          "pleamar"
        ]
      },
      "locked": {
        "lastModified": 1790915273,
        "narHash": "sha256-KJ9+Eg7BNfbqlg6G+irc32Htv8QNV4UgZ4LeVQgMo4Q=",
        "owner": "k4ditano",
        "repo": "marea-plm",
        "rev": "d3c5398c99eaad9bb045d7f0838efd849fea2c6f",
        "type": "github"
      },
      "original": {
        "owner": "k4ditano",
        "repo": "marea-plm",
        "rev": "d3c5398c99eaad9bb045d7f0838efd849fea2c6f",
        "type": "github"
      }
    },
    "nix-flatpak": {
      "locked": {
        "lastModified": 1790428548,
        "narHash": "sha256-OsZ/I7v3ArCrk0XOUvkiU1dFtGtE1qZTHRGjvBXIKUU=",
        "owner": "gmodena",
        "repo": "nix-flatpak",
        "rev": "f1f045fc8b35ff59f88982c1752d3f3a42ca6a61",
        "type": "github"
      },
      "original": {
        "owner": "gmodena",
        "repo": "nix-flatpak",
        "type": "github"
      }
    },
    "nix-index-database": {
      "inputs": {
        "nixpkgs": [
          "nixpkgs"
        ]
      },
      "locked": {
        "lastModified": 1791105314,
        "narHash": "sha256-oTM7QFgRQ+vxBpMBMc7hEYpqBtpXAzXu2xuB/tru84U=",
        "owner": "nix-community",
        "repo": "nix-index-database",
        "rev": "e740bc4e9d8918d7819a51486d5099930c65c72e",
        "type": "github"
      },
      "original": {
        "owner": "nix-community",
        "repo": "nix-index-database",
        "type": "github"
      }
    },
    "nixpkgs": {
      "locked": {
        "lastModified": 1791456040,
        "narHash": "sha256-H83yz/do+hjOO0uujHyH8RgtIQP2v7Mw+cLwcZK/xKc=",
        "owner": "NixOS",
        "repo": "nixpkgs",
        "rev": "e7439b6b14ad3cc35d05608ebca9bce01a25f5f8",
        "type": "github"
      },
      "original": {
        "owner": "NixOS",
        "ref": "nixos-unstable",
        "repo": "nixpkgs",
        "type": "github"
      }
    },
    "nixpkgs_2": {
      "locked": {
        "lastModified": 1790463110,
        "narHash": "sha256-hKlVl12B1dF0Q5vd9dY3lIJM5mFGWYSlXwSLAqHZ1+s=",
        "owner": "NixOS",
        "repo": "nixpkgs",
        "rev": "e158d9ed9b51c98974c5e66e1ba1c9e0255fecaa",
        "type": "github"
      },
      "original": {
        "owner": "NixOS",
        "ref": "nixos-unstable",
        "repo": "nixpkgs",
        "type": "github"
      }
    },
    "nixpkgs_3": {
      "locked": {
        "lastModified": 1790689126,
        "narHash": "sha256-ilerN1WLSvF+HMjziC/Wv99J5y02maDH+6hZPwsORKg=",
        "owner": "nixos",
        "repo": "nixpkgs",
        "rev": "b4fd65b198c599cbe814fcb9f42d25d021595ec9",
        "type": "github"
      },
      "original": {
        "owner": "nixos",
        "ref": "nixos-unstable",
        "repo": "nixpkgs",
        "type": "github"
      }
    },
    "nur": {
      "inputs": {
        "flake-parts": "flake-parts",
        "nixpkgs": [
          "nixpkgs"
        ]
      },
      "locked": {
        "lastModified": 1791492876,
        "narHash": "sha256-9P8Kncf0HpPpbAzfGO+que4c21Z1n728wiN56o2resk=",
        "owner": "nix-community",
        "repo": "NUR",
        "rev": "79b7ca022c6b6e222f6c1985794b2f24bdb4deae",
        "type": "github"
      },
      "original": {
        "owner": "nix-community",
        "repo": "NUR",
        "type": "github"
      }
    },
    "pleamar": {
      "inputs": {
        "nixpkgs": [
          "pleamar-wm",
          "nixpkgs"
        ]
      },
      "locked": {
        "lastModified": 1790915167,
        "narHash": "sha256-x3ZK+yhd1H2KvoCdqD3ba+ebH5K8cbeZSdl4bkFspfQ=",
        "owner": "k4ditano",
        "repo": "pleamar",
        "rev": "4163c91a649e70d3296d7cae931253fc0f2cc5fc",
        "type": "github"
      },
      "original": {
        "owner": "k4ditano",
        "repo": "pleamar",
        "type": "github"
      }
    },
    "pleamar-wm": {
      "inputs": {
        "marea": "marea",
        "nixpkgs": "nixpkgs_2",
        "pleamar": "pleamar"
      },
      "locked": {
        "lastModified": 1790915267,
        "narHash": "sha256-nBhzDcPtPv0L+24x0hcV+tm564xm9JOGzE5fLMcRNo0=",
        "owner": "k4ditano",
        "repo": "pleamar-wm",
        "rev": "548b3fc226e65128770eef832b26142b33e23729",
        "type": "github"
      },
      "original": {
        "owner": "k4ditano",
        "repo": "pleamar-wm",
        "rev": "548b3fc226e65128770eef832b26142b33e23729",
        "type": "github"
      }
    },
    "pstack": {
      "flake": false,
      "locked": {
        "lastModified": 1787773038,
        "narHash": "sha256-Hac03uhNH6krS5u0LvHu4TtYy6NL2EcBQ4Zf0uebnTU=",
        "owner": "shrimpwtf",
        "repo": "oh-my-pstack",
        "rev": "fc0eabd25f21b194a336b640e75e29c252382866",
        "type": "github"
      },
      "original": {
        "owner": "shrimpwtf",
        "repo": "oh-my-pstack",
        "rev": "fc0eabd25f21b194a336b640e75e29c252382866",
        "type": "github"
      }
    },
    "root": {
      "inputs": {
        "astrovim": "astrovim",
        "chatgpt-desktop-app": "chatgpt-desktop-app",
        "claude-desktop-app": "claude-desktop-app",
        "ecc": "ecc",
        "home-manager": "home-manager",
        "nix-flatpak": "nix-flatpak",
        "nix-index-database": "nix-index-database",
        "nixpkgs": "nixpkgs",
        "nixpkgs-unstable": [
          "nixpkgs"
        ],
        "nur": "nur",
        "pleamar-wm": "pleamar-wm",
        "pstack": "pstack",
        "serpantinum": "serpantinum"
      }
    },
    "serpantinum": {
      "inputs": {
        "nixpkgs": "nixpkgs_3",
        "serpantinum-wallpapers": "serpantinum-wallpapers"
      },
      "locked": {
        "lastModified": 1790881353,
        "narHash": "sha256-iOPF5NBjusR8l92B81SKxxf1R95FmVMp3RBZZGPy5Zw=",
        "owner": "ilyamiro",
        "repo": "serpantinum",
        "rev": "225ea62e0545e25fa813d8409390d73588575b3c",
        "type": "github"
      },
      "original": {
        "owner": "ilyamiro",
        "repo": "serpantinum",
        "rev": "225ea62e0545e25fa813d8409390d73588575b3c",
        "type": "github"
      }
    },
    "serpantinum-wallpapers": {
      "flake": false,
      "locked": {
        "lastModified": 1789127588,
        "narHash": "sha256-L3xRtDXH1ERwVIP+ztT6qn7YYh3aHpfpy1/nvyjvKIc=",
        "owner": "ilyamiro",
        "repo": "shell-wallpapers",
        "rev": "4f5994aff60403f88d3f0378e6f9c9d0a00b0289",
        "type": "github"
      },
      "original": {
        "owner": "ilyamiro",
        "repo": "shell-wallpapers",
        "type": "github"
      }
    }
  },
  "root": "root",
  "version": 7
}
